
Microsoft Visual Studio Solution File, Format Version 12.00
# Visual Studio Version 16
VisualStudioVersion = 16.0.29806.167
MinimumVisualStudioVersion = 10.0.40219.1
Project("{9A19103F-16F7-4668-BE54-9A1E7A4F7556}") = "RopuForms", "RopuForms\RopuForms.csproj", "{6F5F7B68-2D6D-4542-89C6-70568831A048}"
EndProject
Project("{FAE04EC0-301F-11D3-BF4B-00C04F79EFBC}") = "RopuForms.Android", "RopuForms.Android\RopuForms.Android.csproj", "{D0B260F6-81DB-4593-947B-B4F5757BA37D}"
EndProject
Project("{9A19103F-16F7-4668-BE54-9A1E7A4F7556}") = "Ropu.Shared", "Ropu.Shared\Ropu.Shared.csproj", "{B90E7C6D-7A13-49AB-9D51-529716F618CF}"
EndProject
Project("{9A19103F-16F7-4668-BE54-9A1E7A4F7556}") = "Client", "Client\Client.csproj", "{53B78810-50AF-4EA4-B5F9-6A7264888BC5}"
EndProject
Global
	GlobalSection(SolutionConfigurationPlatforms) = preSolution
		Debug|Any CPU = Debug|Any CPU
		Release|Any CPU = Release|Any CPU
	EndGlobalSection
	GlobalSection(ProjectConfigurationPlatforms) = postSolution
		{6F5F7B68-2D6D-4542-89C6-70568831A048}.Debug|Any CPU.ActiveCfg = Debug|Any CPU
		{6F5F7B68-2D6D-4542-89C6-70568831A048}.Debug|Any CPU.Build.0 = Debug|Any CPU
		{6F5F7B68-2D6D-4542-89C6-70568831A048}.Release|Any CPU.ActiveCfg = Release|Any CPU
		{6F5F7B68-2D6D-4542-89C6-70568831A048}.Release|Any CPU.Build.0 = Release|Any CPU
		{D0B260F6-81DB-4593-947B-B4F5757BA37D}.Debug|Any CPU.ActiveCfg = Debug|Any CPU
		{D0B260F6-81DB-4593-947B-B4F5757BA37D}.Debug|Any CPU.Build.0 = Debug|Any CPU
		{D0B260F6-81DB-4593-947B-B4F5757BA37D}.Debug|Any CPU.Deploy.0 = Debug|Any CPU
		{D0B260F6-81DB-4593-947B-B4F5757BA37D}.Release|Any CPU.ActiveCfg = Release|Any CPU
		{D0B260F6-81DB-4593-947B-B4F5757BA37D}.Release|Any CPU.Build.0 = Release|Any CPU
		{D0B260F6-81DB-4593-947B-B4F5757BA37D}.Release|Any CPU.Deploy.0 = Release|Any CPU
		{B90E7C6D-7A13-49AB-9D51-529716F618CF}.Debug|Any CPU.ActiveCfg = Debug|Any CPU
		{B90E7C6D-7A13-49AB-9D51-529716F618CF}.Debug|Any CPU.Build.0 = Debug|Any CPU
		{B90E7C6D-7A13-49AB-9D51-529716F618CF}.Release|Any CPU.ActiveCfg = Release|Any CPU
		{B90E7C6D-7A13-49AB-9D51-529716F618CF}.Release|Any CPU.Build.0 = Release|Any CPU
		{53B78810-50AF-4EA4-B5F9-6A7264888BC5}.Debug|Any CPU.ActiveCfg = Debug|Any CPU
		{53B78810-50AF-4EA4-B5F9-6A7264888BC5}.Debug|Any CPU.Build.0 = Debug|Any CPU
		{53B78810-50AF-4EA4-B5F9-6A7264888BC5}.Release|Any CPU.ActiveCfg = Release|Any CPU
		{53B78810-50AF-4EA4-B5F9-6A7264888BC5}.Release|Any CPU.Build.0 = Release|Any CPU
	EndGlobalSection
	GlobalSection(SolutionProperties) = preSolution
		HideSolutionNode = FALSE
	EndGlobalSection
	GlobalSection(ExtensibilityGlobals) = postSolution
		SolutionGuid = {E0CB9451-FCDD-48BC-BD87-4F9FBC544EE6}
	EndGlobalSection
EndGlobal
